Microsoft Visual Studio Solution File, Format Version 12.00
# Visual Studio Version 17
VisualStudioVersion = 17.0.31903.59
MinimumVisualStudioVersion = 10.0.40219.1
Project("{FAE04EC0-301F-11D3-BF4B-00C04F79EFBC}") = "FileLantern.App", "src/FileLantern.App/FileLantern.App.csproj", "{B32F11D2-D86C-4A8C-B344-18AB01A7DD76}"
EndProject
Project("{FAE04EC0-301F-11D3-BF4B-00C04F79EFBC}") = "FileLantern.Core", "src/FileLantern.Core/FileLantern.Core.csproj", "{4AF412A6-B0AB-49C2-BE3F-D9AA001BA125}"
EndProject
Project("{FAE04EC0-301F-11D3-BF4B-00C04F79EFBC}") = "FileLantern.Core.Tests", "tests/FileLantern.Core.Tests/FileLantern.Core.Tests.csproj", "{AAF96057-F5AA-46C5-9C56-FC2D07D99804}"
EndProject
Global
	GlobalSection(SolutionConfigurationPlatforms) = preSolution
		Debug|Any CPU = Debug|Any CPU
		Release|Any CPU = Release|Any CPU
	EndGlobalSection
	GlobalSection(ProjectConfigurationPlatforms) = postSolution
		{B32F11D2-D86C-4A8C-B344-18AB01A7DD76}.Debug|Any CPU.ActiveCfg = Debug|Any CPU
		{B32F11D2-D86C-4A8C-B344-18AB01A7DD76}.Debug|Any CPU.Build.0 = Debug|Any CPU
		{B32F11D2-D86C-4A8C-B344-18AB01A7DD76}.Release|Any CPU.ActiveCfg = Release|Any CPU
		{B32F11D2-D86C-4A8C-B344-18AB01A7DD76}.Release|Any CPU.Build.0 = Release|Any CPU
		{4AF412A6-B0AB-49C2-BE3F-D9AA001BA125}.Debug|Any CPU.ActiveCfg = Debug|Any CPU
		{4AF412A6-B0AB-49C2-BE3F-D9AA001BA125}.Debug|Any CPU.Build.0 = Debug|Any CPU
		{4AF412A6-B0AB-49C2-BE3F-D9AA001BA125}.Release|Any CPU.ActiveCfg = Release|Any CPU
		{4AF412A6-B0AB-49C2-BE3F-D9AA001BA125}.Release|Any CPU.Build.0 = Release|Any CPU
		{AAF96057-F5AA-46C5-9C56-FC2D07D99804}.Debug|Any CPU.ActiveCfg = Debug|Any CPU
		{AAF96057-F5AA-46C5-9C56-FC2D07D99804}.Debug|Any CPU.Build.0 = Debug|Any CPU
		{AAF96057-F5AA-46C5-9C56-FC2D07D99804}.Release|Any CPU.ActiveCfg = Release|Any CPU
		{AAF96057-F5AA-46C5-9C56-FC2D07D99804}.Release|Any CPU.Build.0 = Release|Any CPU
	EndGlobalSection
	GlobalSection(SolutionProperties) = preSolution
		HideSolutionNode = FALSE
	EndGlobalSection
EndGlobal
